
Microsoft Visual Studio Solution File, Format Version 12.00
# Visual Studio Version 17
VisualStudioVersion = 17.5.33424.131
MinimumVisualStudioVersion = 10.0.40219.1
Project("{FAE04EC0-301F-11D3-BF4B-00C04F79EFBC}") = "CrudMVCTAK", "CrudMVCTAK\CrudMVCTAK.csproj", "{30B597E1-1BF2-4725-A741-3D824D2714DC}"
EndProject
Global
	GlobalSection(SolutionConfigurationPlatforms) = preSolution
		Debug|Any CPU = Debug|Any CPU
		Release|Any CPU = Release|Any CPU
	EndGlobalSection
	GlobalSection(ProjectConfigurationPlatforms) = postSolution
		{30B597E1-1BF2-4725-A741-3D824D2714DC}.Debug|Any CPU.ActiveCfg = Debug|Any CPU
		{30B597E1-1BF2-4725-A741-3D824D2714DC}.Debug|Any CPU.Build.0 = Debug|Any CPU
		{30B597E1-1BF2-4725-A741-3D824D2714DC}.Release|Any CPU.ActiveCfg = Release|Any CPU
		{30B597E1-1BF2-4725-A741-3D824D2714DC}.Release|Any CPU.Build.0 = Release|Any CPU
	EndGlobalSection
	GlobalSection(SolutionProperties) = preSolution
		HideSolutionNode = FALSE
	EndGlobalSection
	GlobalSection(ExtensibilityGlobals) = postSolution
		SolutionGuid = {FD5FBF54-467A-4ED7-A9D2-A18D9B7BE837}
	EndGlobalSection
EndGlobal
